
Microsoft Visual Studio Solution File, Format Version 12.00
# Visual Studio Version 17
VisualStudioVersion = 17.11.35312.102
MinimumVisualStudioVersion = 10.0.40219.1
Project("{FAE04EC0-301F-11D3-BF4B-00C04F79EFBC}") = "classes1", "classes1.csproj", "{89098A4E-240B-4381-A690-5753F1719F9B}"
EndProject
Global
	GlobalSection(SolutionConfigurationPlatforms) = preSolution
		Debug|Any CPU = Debug|Any CPU
		Release|Any CPU = Release|Any CPU
	EndGlobalSection
	GlobalSection(ProjectConfigurationPlatforms) = postSolution
		{89098A4E-240B-4381-A690-5753F1719F9B}.Debug|Any CPU.ActiveCfg = Debug|Any CPU
		{89098A4E-240B-4381-A690-5753F1719F9B}.Debug|Any CPU.Build.0 = Debug|Any CPU
		{89098A4E-240B-4381-A690-5753F1719F9B}.Release|Any CPU.ActiveCfg = Release|Any CPU
		{89098A4E-240B-4381-A690-5753F1719F9B}.Release|Any CPU.Build.0 = Release|Any CPU
	EndGlobalSection
	GlobalSection(SolutionProperties) = preSolution
		HideSolutionNode = FALSE
	EndGlobalSection
	GlobalSection(ExtensibilityGlobals) = postSolution
		SolutionGuid = {6834EE04-8FCB-4EE1-B026-ACA35A2C2322}
	EndGlobalSection
EndGlobal
